
Microsoft Visual Studio Solution File, Format Version 12.00
# Visual Studio Version 17
VisualStudioVersion = 17.7.34031.279
MinimumVisualStudioVersion = 10.0.40219.1
Project("{FAE04EC0-301F-11D3-BF4B-00C04F79EFBC}") = "internet", "internet.csproj", "{A82F80C0-8B94-4B7C-922E-65E9FBC913DE}"
EndProject
Project("{FAE04EC0-301F-11D3-BF4B-00C04F79EFBC}") = "internetTests", "..\internetTests\internetTests.csproj", "{C8003090-FEE1-4524-A2E9-10632506B787}"
EndProject
Global
	GlobalSection(SolutionConfigurationPlatforms) = preSolution
		Debug|Any CPU = Debug|Any CPU
		Release|Any CPU = Release|Any CPU
	EndGlobalSection
	GlobalSection(ProjectConfigurationPlatforms) = postSolution
		{A82F80C0-8B94-4B7C-922E-65E9FBC913DE}.Debug|Any CPU.ActiveCfg = Debug|Any CPU
		{A82F80C0-8B94-4B7C-922E-65E9FBC913DE}.Debug|Any CPU.Build.0 = Debug|Any CPU
		{A82F80C0-8B94-4B7C-922E-65E9FBC913DE}.Release|Any CPU.ActiveCfg = Release|Any CPU
		{A82F80C0-8B94-4B7C-922E-65E9FBC913DE}.Release|Any CPU.Build.0 = Release|Any CPU
		{C8003090-FEE1-4524-A2E9-10632506B787}.Debug|Any CPU.ActiveCfg = Debug|Any CPU
		{C8003090-FEE1-4524-A2E9-10632506B787}.Debug|Any CPU.Build.0 = Debug|Any CPU
		{C8003090-FEE1-4524-A2E9-10632506B787}.Release|Any CPU.ActiveCfg = Release|Any CPU
		{C8003090-FEE1-4524-A2E9-10632506B787}.Release|Any CPU.Build.0 = Release|Any CPU
	EndGlobalSection
	GlobalSection(SolutionProperties) = preSolution
		HideSolutionNode = FALSE
	EndGlobalSection
	GlobalSection(ExtensibilityGlobals) = postSolution
		SolutionGuid = {A6FAA866-8543-487A-A731-C10739535013}
	EndGlobalSection
EndGlobal
